
Microsoft Visual Studio Solution File, Format Version 12.00
# Visual Studio Version 16
VisualStudioVersion = 16.0.29503.13
MinimumVisualStudioVersion = 10.0.40219.1
Project("{FAE04EC0-301F-11D3-BF4B-00C04F79EFBC}") = "BasicRPG", "BasicRPG.csproj", "{B55BEBE1-A884-488D-B5D4-3B1CDB8F4633}"
EndProject
Project("{FAE04EC0-301F-11D3-BF4B-00C04F79EFBC}") = "Engine", "..\Engine\Engine.csproj", "{52503D06-5117-4DD0-A364-01520519E139}"
EndProject
Global
	GlobalSection(SolutionConfigurationPlatforms) = preSolution
		Debug|Any CPU = Debug|Any CPU
		Release|Any CPU = Release|Any CPU
	EndGlobalSection
	GlobalSection(ProjectConfigurationPlatforms) = postSolution
		{B55BEBE1-A884-488D-B5D4-3B1CDB8F4633}.Debug|Any CPU.ActiveCfg = Debug|Any CPU
		{B55BEBE1-A884-488D-B5D4-3B1CDB8F4633}.Debug|Any CPU.Build.0 = Debug|Any CPU
		{B55BEBE1-A884-488D-B5D4-3B1CDB8F4633}.Release|Any CPU.ActiveCfg = Release|Any CPU
		{B55BEBE1-A884-488D-B5D4-3B1CDB8F4633}.Release|Any CPU.Build.0 = Release|Any CPU
		{52503D06-5117-4DD0-A364-01520519E139}.Debug|Any CPU.ActiveCfg = Debug|Any CPU
		{52503D06-5117-4DD0-A364-01520519E139}.Debug|Any CPU.Build.0 = Debug|Any CPU
		{52503D06-5117-4DD0-A364-01520519E139}.Release|Any CPU.ActiveCfg = Release|Any CPU
		{52503D06-5117-4DD0-A364-01520519E139}.Release|Any CPU.Build.0 = Release|Any CPU
	EndGlobalSection
	GlobalSection(SolutionProperties) = preSolution
		HideSolutionNode = FALSE
	EndGlobalSection
	GlobalSection(ExtensibilityGlobals) = postSolution
		SolutionGuid = {4BA5A7FF-32BC-498C-B567-2F514735098E}
	EndGlobalSection
EndGlobal
